
Microsoft Visual Studio Solution File, Format Version 12.00
# Visual Studio Version 17
VisualStudioVersion = 17.7.34018.315
MinimumVisualStudioVersion = 10.0.40219.1
Project("{FAE04EC0-301F-11D3-BF4B-00C04F79EFBC}") = "GameProject0", "GameProject0\GameProject0.csproj", "{CC15B05E-2A04-40F7-8E33-6172072377F2}"
EndProject
Global
	GlobalSection(SolutionConfigurationPlatforms) = preSolution
		Debug|Any CPU = Debug|Any CPU
		Release|Any CPU = Release|Any CPU
	EndGlobalSection
	GlobalSection(ProjectConfigurationPlatforms) = postSolution
		{CC15B05E-2A04-40F7-8E33-6172072377F2}.Debug|Any CPU.ActiveCfg = Debug|Any CPU
		{CC15B05E-2A04-40F7-8E33-6172072377F2}.Debug|Any CPU.Build.0 = Debug|Any CPU
		{CC15B05E-2A04-40F7-8E33-6172072377F2}.Release|Any CPU.ActiveCfg = Release|Any CPU
		{CC15B05E-2A04-40F7-8E33-6172072377F2}.Release|Any CPU.Build.0 = Release|Any CPU
	EndGlobalSection
	GlobalSection(SolutionProperties) = preSolution
		HideSolutionNode = FALSE
	EndGlobalSection
	GlobalSection(ExtensibilityGlobals) = postSolution
		SolutionGuid = {244BCF5B-866F-4700-B964-CD9D3BF2F2B5}
	EndGlobalSection
EndGlobal
